
Microsoft Visual Studio Solution File, Format Version 12.00
# Visual Studio Version 16
VisualStudioVersion = 16.0.29306.81
MinimumVisualStudioVersion = 10.0.40219.1
Project("{F184B08F-C81C-45F6-A57F-5ABD9991F28F}") = "TuDiscoveryKids Downloader", "TuDiscoveryKids Downloader.vbproj", "{72F3D9CB-B91E-4DD1-9A00-1D463DA78DB6}"
EndProject
Global
	GlobalSection(SolutionConfigurationPlatforms) = preSolution
		Debug|Any CPU = Debug|Any CPU
		Release|Any CPU = Release|Any CPU
	EndGlobalSection
	GlobalSection(ProjectConfigurationPlatforms) = postSolution
		{72F3D9CB-B91E-4DD1-9A00-1D463DA78DB6}.Debug|Any CPU.ActiveCfg = Debug|Any CPU
		{72F3D9CB-B91E-4DD1-9A00-1D463DA78DB6}.Debug|Any CPU.Build.0 = Debug|Any CPU
		{72F3D9CB-B91E-4DD1-9A00-1D463DA78DB6}.Release|Any CPU.ActiveCfg = Release|Any CPU
		{72F3D9CB-B91E-4DD1-9A00-1D463DA78DB6}.Release|Any CPU.Build.0 = Release|Any CPU
	EndGlobalSection
	GlobalSection(SolutionProperties) = preSolution
		HideSolutionNode = FALSE
	EndGlobalSection
	GlobalSection(ExtensibilityGlobals) = postSolution
		SolutionGuid = {4F007009-790B-435D-9FE6-5E23A600DCA6}
	EndGlobalSection
EndGlobal
